
Microsoft Visual Studio Solution File, Format Version 12.00
# Visual Studio 15
VisualStudioVersion = 15.0.35213.121
MinimumVisualStudioVersion = 10.0.40219.1
Project("{FAE04EC0-301F-11D3-BF4B-00C04F79EFBC}") = "HideText", "HideText\HideText.csproj", "{F78C7286-020F-46F3-8B97-BC53991CB20B}"
EndProject
Global
	GlobalSection(SolutionConfigurationPlatforms) = preSolution
		Debug|Any CPU = Debug|Any CPU
		Release|Any CPU = Release|Any CPU
	EndGlobalSection
	GlobalSection(ProjectConfigurationPlatforms) = postSolution
		{F78C7286-020F-46F3-8B97-BC53991CB20B}.Debug|Any CPU.ActiveCfg = Debug|Any CPU
		{F78C7286-020F-46F3-8B97-BC53991CB20B}.Debug|Any CPU.Build.0 = Debug|Any CPU
		{F78C7286-020F-46F3-8B97-BC53991CB20B}.Release|Any CPU.ActiveCfg = Release|Any CPU
		{F78C7286-020F-46F3-8B97-BC53991CB20B}.Release|Any CPU.Build.0 = Release|Any CPU
	EndGlobalSection
	GlobalSection(SolutionProperties) = preSolution
		HideSolutionNode = FALSE
	EndGlobalSection
	GlobalSection(ExtensibilityGlobals) = postSolution
		SolutionGuid = {D6EEEC5D-8494-4E05-88A3-72576BFBF823}
	EndGlobalSection
EndGlobal
